<?xml version="1.0" encoding="utf-8"?>
<Project ToolsVersion="4.0" xmlns:atg="http://atg.xbox.com" xmlns="http://schemas.microsoft.com/developer/msbuild/2003">
  <ItemGroup>
    <Filter Include="Resource Files">
      <UniqueIdentifier>{8e114980-c1a3-4ada-ad7c-83caadf5daeb}</UniqueIdentifier>
      <Extensions>rc;ico;cur;bmp;dlg;rc2;rct;bin;rgs;gif;jpg;jpeg;jpe</Extensions>
    </Filter>
    <Filter Include="DXUT">
      <UniqueIdentifier>{a43c5c25-0e86-4a20-b64a-883785ff74fd}</UniqueIdentifier>
    </Filter>
    <Filter Include="Shaders">
      <UniqueIdentifier>{2c3d4c8c-5d1a-459a-a05a-a4e4b608a44e}</UniqueIdentifier>
      <Extensions>fx;fxh;hlsl</Extensions>
    </Filter>
    <Filter Include="MainGame">
      <UniqueIdentifier>{0202999e-8540-43f1-b8b5-fa44967fb646}</UniqueIdentifier>
    </Filter>
    <Filter Include="System">
      <UniqueIdentifier>{e1018629-9886-4823-a78a-8deeddee96e3}</UniqueIdentifier>
    </Filter>
    <Filter Include="System\Object">
      <UniqueIdentifier>{e26247a3-e590-467a-9c58-232adadf8ce4}</UniqueIdentifier>
    </Filter>
    <Filter Include="System\Math">
      <UniqueIdentifier>{518496dd-1650-444e-afbe-841f9778b649}</UniqueIdentifier>
    </Filter>
    <Filter Include="System\Timer">
      <UniqueIdentifier>{ed72b8fa-b3a9-4476-b04f-310ba45bd58c}</UniqueIdentifier>
    </Filter>
    <Filter Include="System\Sound">
      <UniqueIdentifier>{8b71beab-d5fc-490e-a0d4-04df8c8005b0}</UniqueIdentifier>
    </Filter>
    <Filter Include="System\Scence">
      <UniqueIdentifier>{335df7a2-7bd9-48ca-b0a8-0edddf7e62e0}</UniqueIdentifier>
    </Filter>
    <Filter Include="System\Input">
      <UniqueIdentifier>{731763e6-0d60-4ae0-9a0c-7e8eb2d5b705}</UniqueIdentifier>
    </Filter>
    <Filter Include="System\Image">
      <UniqueIdentifier>{19833203-8390-423f-8182-10a963525270}</UniqueIdentifier>
    </Filter>
    <Filter Include="System\Camera">
      <UniqueIdentifier>{efda3bcf-88af-4ec7-938f-009cd751b7a3}</UniqueIdentifier>
    </Filter>
    <Filter Include="System\Object\Player">
      <UniqueIdentifier>{6ca4f20b-39b9-4177-9ac1-bd47764a9763}</UniqueIdentifier>
    </Filter>
    <Filter Include="System\Object\Enemy">
      <UniqueIdentifier>{c2ad85c4-750e-423a-8475-63ee40e3acd0}</UniqueIdentifier>
    </Filter>
    <Filter Include="System\Object\Enemy\DummyEnemy">
      <UniqueIdentifier>{ae71d07e-b272-4e8e-9b2c-0195373a1feb}</UniqueIdentifier>
    </Filter>
    <Filter Include="System\Object\PBulllet">
      <UniqueIdentifier>{6bb42daa-9a6f-4871-b633-7d62ab705088}</UniqueIdentifier>
    </Filter>
    <Filter Include="System\Scence\StageONE">
      <UniqueIdentifier>{ef87fcef-d330-481b-b3d1-31469b43f0f4}</UniqueIdentifier>
    </Filter>
    <Filter Include="System\UI">
      <UniqueIdentifier>{fbd9da98-96d8-4784-a505-56fc37f6719a}</UniqueIdentifier>
    </Filter>
  </ItemGroup>
  <ItemGroup>
    <None Include="DXUT\Optional\directx.ico">
      <Filter>Resource Files</Filter>
    </None>
    <ClInclude Include="DXUT\Core\DXUT.h">
      <Filter>DXUT</Filter>
    </ClInclude>
    <ClInclude Include="DXUT\Core\DXUTenum.h">
      <Filter>DXUT</Filter>
    </ClInclude>
    <ClInclude Include="DXUT\Core\DXUTmisc.h">
      <Filter>DXUT</Filter>
    </ClInclude>
    <ClCompile Include="DXUT\Core\DXUT.cpp">
      <Filter>DXUT</Filter>
    </ClCompile>
    <ClCompile Include="DXUT\Core\DXUTenum.cpp">
      <Filter>DXUT</Filter>
    </ClCompile>
    <ClCompile Include="DXUT\Core\DXUTmisc.cpp">
      <Filter>DXUT</Filter>
    </ClCompile>
    <ClInclude Include="DXUT\Optional\DXUTcamera.h">
      <Filter>DXUT</Filter>
    </ClInclude>
    <ClInclude Include="DXUT\Optional\DXUTgui.h">
      <Filter>DXUT</Filter>
    </ClInclude>
    <ClInclude Include="DXUT\Optional\DXUTres.h">
      <Filter>DXUT</Filter>
    </ClInclude>
    <ClInclude Include="DXUT\Optional\DXUTsettingsdlg.h">
      <Filter>DXUT</Filter>
    </ClInclude>
    <ClInclude Include="DXUT\Optional\SDKmesh.h">
      <Filter>DXUT</Filter>
    </ClInclude>
    <ClInclude Include="DXUT\Optional\SDKmisc.h">
      <Filter>DXUT</Filter>
    </ClInclude>
    <ClCompile Include="DXUT\Optional\DXUTcamera.cpp">
      <Filter>DXUT</Filter>
    </ClCompile>
    <ClCompile Include="DXUT\Optional\DXUTgui.cpp">
      <Filter>DXUT</Filter>
    </ClCompile>
    <ClCompile Include="DXUT\Optional\DXUTres.cpp">
      <Filter>DXUT</Filter>
    </ClCompile>
    <ClCompile Include="DXUT\Optional\DXUTsettingsdlg.cpp">
      <Filter>DXUT</Filter>
    </ClCompile>
    <ClCompile Include="DXUT\Optional\SDKmesh.cpp">
      <Filter>DXUT</Filter>
    </ClCompile>
    <ClCompile Include="DXUT\Optional\SDKmisc.cpp">
      <Filter>DXUT</Filter>
    </ClCompile>
  </ItemGroup>
  <ItemGroup>
    <ClCompile Include="SmileGateProject.cpp" />
    <ClCompile Include="MainGame.cpp">
      <Filter>MainGame</Filter>
    </ClCompile>
    <ClCompile Include="Object.cpp">
      <Filter>System\Object</Filter>
    </ClCompile>
    <ClCompile Include="Math.cpp">
      <Filter>System\Math</Filter>
    </ClCompile>
    <ClCompile Include="Timer.cpp">
      <Filter>System\Timer</Filter>
    </ClCompile>
    <ClCompile Include="Sound.cpp">
      <Filter>System\Sound</Filter>
    </ClCompile>
    <ClCompile Include="Scence.cpp">
      <Filter>System\Scence</Filter>
    </ClCompile>
    <ClCompile Include="Input.cpp">
      <Filter>System\Input</Filter>
    </ClCompile>
    <ClCompile Include="Image.cpp">
      <Filter>System\Image</Filter>
    </ClCompile>
    <ClCompile Include="Camera.cpp">
      <Filter>System\Camera</Filter>
    </ClCompile>
    <ClCompile Include="DummyEnemy.cpp">
      <Filter>System\Object\Enemy\DummyEnemy</Filter>
    </ClCompile>
    <ClCompile Include="Player.cpp">
      <Filter>System\Object\Player</Filter>
    </ClCompile>
    <ClCompile Include="PBullet.cpp">
      <Filter>System\Object\PBulllet</Filter>
    </ClCompile>
    <ClCompile Include="StageONE.cpp">
      <Filter>System\Scence\StageONE</Filter>
    </ClCompile>
    <ClCompile Include="UI.cpp">
      <Filter>System\UI</Filter>
    </ClCompile>
  </ItemGroup>
  <ItemGroup>
    <ClInclude Include="framework.h" />
    <ClInclude Include="MainGame.h">
      <Filter>MainGame</Filter>
    </ClInclude>
    <ClInclude Include="Singleton.h" />
    <ClInclude Include="Object.h">
      <Filter>System\Object</Filter>
    </ClInclude>
    <ClInclude Include="Math.h">
      <Filter>System\Math</Filter>
    </ClInclude>
    <ClInclude Include="Timer.h">
      <Filter>System\Timer</Filter>
    </ClInclude>
    <ClInclude Include="Sound.h">
      <Filter>System\Sound</Filter>
    </ClInclude>
    <ClInclude Include="Scence.h">
      <Filter>System\Scence</Filter>
    </ClInclude>
    <ClInclude Include="Input.h">
      <Filter>System\Input</Filter>
    </ClInclude>
    <ClInclude Include="Image.h">
      <Filter>System\Image</Filter>
    </ClInclude>
    <ClInclude Include="Camera.h">
      <Filter>System\Camera</Filter>
    </ClInclude>
    <ClInclude Include="DummyEnemy.h">
      <Filter>System\Object\Enemy\DummyEnemy</Filter>
    </ClInclude>
    <ClInclude Include="Player.h">
      <Filter>System\Object\Player</Filter>
    </ClInclude>
    <ClInclude Include="PBullet.h">
      <Filter>System\Object\PBulllet</Filter>
    </ClInclude>
    <ClInclude Include="StageONE.h">
      <Filter>System\Scence\StageONE</Filter>
    </ClInclude>
    <ClInclude Include="UI.h">
      <Filter>System\UI</Filter>
    </ClInclude>
  </ItemGroup>
  <ItemGroup>
    <CLInclude Include="resource.h">
      <Filter>Resource Files</Filter>
    </CLInclude>
    <ResourceCompile Include="SmileGateProject.rc">
      <Filter>Resource Files</Filter>
    </ResourceCompile>
  </ItemGroup>
  <ItemGroup>
  </ItemGroup>
</Project>