<?xml version="1.0" encoding="utf-8"?>
<Project ToolsVersion="4.0" xmlns:atg="http://atg.xbox.com" xmlns="http://schemas.microsoft.com/developer/msbuild/2003">
  <ItemGroup>
    <Filter Include="Resource Files">
      <UniqueIdentifier>{8e114980-c1a3-4ada-ad7c-83caadf5daeb}</UniqueIdentifier>
      <Extensions>rc;ico;cur;bmp;dlg;rc2;rct;bin;rgs;gif;jpg;jpeg;jpe</Extensions>
    </Filter>
    <Filter Include="DXUT">
      <UniqueIdentifier>{a43c5c25-0e86-4a20-b64a-883785ff74fd}</UniqueIdentifier>
    </Filter>
    <Filter Include="Shaders">
      <UniqueIdentifier>{2c3d4c8c-5d1a-459a-a05a-a4e4b608a44e}</UniqueIdentifier>
      <Extensions>fx;fxh;hlsl</Extensions>
    </Filter>
    <Filter Include="MainGame">
      <UniqueIdentifier>{0202999e-8540-43f1-b8b5-fa44967fb646}</UniqueIdentifier>
    </Filter>
    <Filter Include="System">
      <UniqueIdentifier>{e1018629-9886-4823-a78a-8deeddee96e3}</UniqueIdentifier>
    </Filter>
    <Filter Include="System\Object">
      <UniqueIdentifier>{e26247a3-e590-467a-9c58-232adadf8ce4}</UniqueIdentifier>
    </Filter>
    <Filter Include="System\Math">
      <UniqueIdentifier>{518496dd-1650-444e-afbe-841f9778b649}</UniqueIdentifier>
    </Filter>
    <Filter Include="System\Timer">
      <UniqueIdentifier>{ed72b8fa-b3a9-4476-b04f-310ba45bd58c}</UniqueIdentifier>
    </Filter>
    <Filter Include="System\Sound">
      <UniqueIdentifier>{8b71beab-d5fc-490e-a0d4-04df8c8005b0}</UniqueIdentifier>
    </Filter>
    <Filter Include="System\Scence">
      <UniqueIdentifier>{335df7a2-7bd9-48ca-b0a8-0edddf7e62e0}</UniqueIdentifier>
    </Filter>
    <Filter Include="System\Input">
      <UniqueIdentifier>{731763e6-0d60-4ae0-9a0c-7e8eb2d5b705}</UniqueIdentifier>
    </Filter>
    <Filter Include="System\Image">
      <UniqueIdentifier>{19833203-8390-423f-8182-10a963525270}</UniqueIdentifier>
    </Filter>
    <Filter Include="System\Camera">
      <UniqueIdentifier>{efda3bcf-88af-4ec7-938f-009cd751b7a3}</UniqueIdentifier>
    </Filter>
    <Filter Include="System\Object\Player">
      <UniqueIdentifier>{6ca4f20b-39b9-4177-9ac1-bd47764a9763}</UniqueIdentifier>
    </Filter>
    <Filter Include="System\Object\Enemy">
      <UniqueIdentifier>{c2ad85c4-750e-423a-8475-63ee40e3acd0}</UniqueIdentifier>
    </Filter>
    <Filter Include="System\Object\Enemy\DummyEnemy">
      <UniqueIdentifier>{ae71d07e-b272-4e8e-9b2c-0195373a1feb}</UniqueIdentifier>
    </Filter>
    <Filter Include="System\Object\PBulllet">
      <UniqueIdentifier>{6bb42daa-9a6f-4871-b633-7d62ab705088}</UniqueIdentifier>
    </Filter>
    <Filter Include="System\Scence\StageONE">
      <UniqueIdentifier>{ef87fcef-d330-481b-b3d1-31469b43f0f4}</UniqueIdentifier>
    </Filter>
    <Filter Include="System\UI">
      <UniqueIdentifier>{fbd9da98-96d8-4784-a505-56fc37f6719a}</UniqueIdentifier>
    </Filter>
    <Filter Include="System\UI\PHealthBar">
      <UniqueIdentifier>{d7f52091-1ab0-4af7-ac4e-fff127030cab}</UniqueIdentifier>
    </Filter>
    <Filter Include="System\UI\Button">
      <UniqueIdentifier>{fb96ae89-236f-48eb-ba8d-5a800772af4d}</UniqueIdentifier>
    </Filter>
    <Filter Include="System\Particle">
      <UniqueIdentifier>{f9fa5283-63f3-4b21-82f6-d047d0391552}</UniqueIdentifier>
    </Filter>
    <Filter Include="System\Particle\PBulletBreak">
      <UniqueIdentifier>{16412e53-6ce5-43a1-b72a-23529a7afcbe}</UniqueIdentifier>
    </Filter>
    <Filter Include="System\Particle\PAttack">
      <UniqueIdentifier>{03bab7f5-5e2a-436a-b3ec-b6d0e84aeb6e}</UniqueIdentifier>
    </Filter>
    <Filter Include="System\Object\Player\PBoost">
      <UniqueIdentifier>{25c50d97-0fdc-4518-86d9-a3b31d025155}</UniqueIdentifier>
    </Filter>
    <Filter Include="System\Scence\Title">
      <UniqueIdentifier>{0352f9fc-2903-454f-82d7-2277bd643e4f}</UniqueIdentifier>
    </Filter>
    <Filter Include="System\Object\Enemy\EBullet">
      <UniqueIdentifier>{4627e4a9-d89a-4d18-bc78-7be3f45371c9}</UniqueIdentifier>
    </Filter>
    <Filter Include="System\Skill">
      <UniqueIdentifier>{3a06a408-3e64-4ba0-a9b9-232ab2b39e4b}</UniqueIdentifier>
    </Filter>
    <Filter Include="System\Skill\CircleShout">
      <UniqueIdentifier>{36c347eb-bfb9-4f85-807b-87f5238bcbc1}</UniqueIdentifier>
    </Filter>
    <Filter Include="System\Skill\Blank">
      <UniqueIdentifier>{3764213e-8863-44d6-a97c-4efc491e3818}</UniqueIdentifier>
    </Filter>
    <Filter Include="System\UI\SkillGauge">
      <UniqueIdentifier>{f06069a1-e079-4509-b47c-8e1ae98a32bd}</UniqueIdentifier>
    </Filter>
    <Filter Include="System\Skill\SteamPack">
      <UniqueIdentifier>{44fe0685-302d-437f-bdf3-1ec03df93f5b}</UniqueIdentifier>
    </Filter>
  </ItemGroup>
  <ItemGroup>
    <None Include="DXUT\Optional\directx.ico">
      <Filter>Resource Files</Filter>
    </None>
    <ClInclude Include="DXUT\Core\DXUT.h">
      <Filter>DXUT</Filter>
    </ClInclude>
    <ClInclude Include="DXUT\Core\DXUTenum.h">
      <Filter>DXUT</Filter>
    </ClInclude>
    <ClInclude Include="DXUT\Core\DXUTmisc.h">
      <Filter>DXUT</Filter>
    </ClInclude>
    <ClCompile Include="DXUT\Core\DXUT.cpp">
      <Filter>DXUT</Filter>
    </ClCompile>
    <ClCompile Include="DXUT\Core\DXUTenum.cpp">
      <Filter>DXUT</Filter>
    </ClCompile>
    <ClCompile Include="DXUT\Core\DXUTmisc.cpp">
      <Filter>DXUT</Filter>
    </ClCompile>
    <ClInclude Include="DXUT\Optional\DXUTcamera.h">
      <Filter>DXUT</Filter>
    </ClInclude>
    <ClInclude Include="DXUT\Optional\DXUTgui.h">
      <Filter>DXUT</Filter>
    </ClInclude>
    <ClInclude Include="DXUT\Optional\DXUTres.h">
      <Filter>DXUT</Filter>
    </ClInclude>
    <ClInclude Include="DXUT\Optional\DXUTsettingsdlg.h">
      <Filter>DXUT</Filter>
    </ClInclude>
    <ClInclude Include="DXUT\Optional\SDKmesh.h">
      <Filter>DXUT</Filter>
    </ClInclude>
    <ClInclude Include="DXUT\Optional\SDKmisc.h">
      <Filter>DXUT</Filter>
    </ClInclude>
    <ClCompile Include="DXUT\Optional\DXUTcamera.cpp">
      <Filter>DXUT</Filter>
    </ClCompile>
    <ClCompile Include="DXUT\Optional\DXUTgui.cpp">
      <Filter>DXUT</Filter>
    </ClCompile>
    <ClCompile Include="DXUT\Optional\DXUTres.cpp">
      <Filter>DXUT</Filter>
    </ClCompile>
    <ClCompile Include="DXUT\Optional\DXUTsettingsdlg.cpp">
      <Filter>DXUT</Filter>
    </ClCompile>
    <ClCompile Include="DXUT\Optional\SDKmesh.cpp">
      <Filter>DXUT</Filter>
    </ClCompile>
    <ClCompile Include="DXUT\Optional\SDKmisc.cpp">
      <Filter>DXUT</Filter>
    </ClCompile>
  </ItemGroup>
  <ItemGroup>
    <ClCompile Include="SmileGateProject.cpp" />
    <ClCompile Include="MainGame.cpp">
      <Filter>MainGame</Filter>
    </ClCompile>
    <ClCompile Include="Object.cpp">
      <Filter>System\Object</Filter>
    </ClCompile>
    <ClCompile Include="Math.cpp">
      <Filter>System\Math</Filter>
    </ClCompile>
    <ClCompile Include="Timer.cpp">
      <Filter>System\Timer</Filter>
    </ClCompile>
    <ClCompile Include="Sound.cpp">
      <Filter>System\Sound</Filter>
    </ClCompile>
    <ClCompile Include="Scence.cpp">
      <Filter>System\Scence</Filter>
    </ClCompile>
    <ClCompile Include="Input.cpp">
      <Filter>System\Input</Filter>
    </ClCompile>
    <ClCompile Include="Image.cpp">
      <Filter>System\Image</Filter>
    </ClCompile>
    <ClCompile Include="Camera.cpp">
      <Filter>System\Camera</Filter>
    </ClCompile>
    <ClCompile Include="DummyEnemy.cpp">
      <Filter>System\Object\Enemy\DummyEnemy</Filter>
    </ClCompile>
    <ClCompile Include="Player.cpp">
      <Filter>System\Object\Player</Filter>
    </ClCompile>
    <ClCompile Include="PBullet.cpp">
      <Filter>System\Object\PBulllet</Filter>
    </ClCompile>
    <ClCompile Include="StageONE.cpp">
      <Filter>System\Scence\StageONE</Filter>
    </ClCompile>
    <ClCompile Include="UI.cpp">
      <Filter>System\UI</Filter>
    </ClCompile>
    <ClCompile Include="PHealthBar.cpp">
      <Filter>System\UI\PHealthBar</Filter>
    </ClCompile>
    <ClCompile Include="Button.cpp">
      <Filter>System\UI\Button</Filter>
    </ClCompile>
    <ClCompile Include="Particle.cpp">
      <Filter>System\Particle</Filter>
    </ClCompile>
    <ClCompile Include="PBulletBreak.cpp">
      <Filter>System\Particle\PBulletBreak</Filter>
    </ClCompile>
    <ClCompile Include="PAttack.cpp">
      <Filter>System\Particle\PAttack</Filter>
    </ClCompile>
    <ClCompile Include="PBoost.cpp">
      <Filter>System\Object\Player\PBoost</Filter>
    </ClCompile>
    <ClCompile Include="Title.cpp">
      <Filter>System\Scence\Title</Filter>
    </ClCompile>
    <ClCompile Include="Banner.cpp">
      <Filter>System</Filter>
    </ClCompile>
    <ClCompile Include="EBullet.cpp">
      <Filter>System\Object\Enemy\EBullet</Filter>
    </ClCompile>
    <ClCompile Include="Skill.cpp">
      <Filter>System\Skill</Filter>
    </ClCompile>
    <ClCompile Include="CircleShout.cpp">
      <Filter>System\Skill\CircleShout</Filter>
    </ClCompile>
    <ClCompile Include="Blank.cpp">
      <Filter>System\Skill\Blank</Filter>
    </ClCompile>
    <ClCompile Include="SkillGauge.cpp">
      <Filter>System\UI\SkillGauge</Filter>
    </ClCompile>
    <ClCompile Include="SteamPack.cpp">
      <Filter>System\Skill\SteamPack</Filter>
    </ClCompile>
  </ItemGroup>
  <ItemGroup>
    <ClInclude Include="framework.h" />
    <ClInclude Include="MainGame.h">
      <Filter>MainGame</Filter>
    </ClInclude>
    <ClInclude Include="Singleton.h" />
    <ClInclude Include="Object.h">
      <Filter>System\Object</Filter>
    </ClInclude>
    <ClInclude Include="Math.h">
      <Filter>System\Math</Filter>
    </ClInclude>
    <ClInclude Include="Timer.h">
      <Filter>System\Timer</Filter>
    </ClInclude>
    <ClInclude Include="Sound.h">
      <Filter>System\Sound</Filter>
    </ClInclude>
    <ClInclude Include="Scence.h">
      <Filter>System\Scence</Filter>
    </ClInclude>
    <ClInclude Include="Input.h">
      <Filter>System\Input</Filter>
    </ClInclude>
    <ClInclude Include="Image.h">
      <Filter>System\Image</Filter>
    </ClInclude>
    <ClInclude Include="Camera.h">
      <Filter>System\Camera</Filter>
    </ClInclude>
    <ClInclude Include="DummyEnemy.h">
      <Filter>System\Object\Enemy\DummyEnemy</Filter>
    </ClInclude>
    <ClInclude Include="Player.h">
      <Filter>System\Object\Player</Filter>
    </ClInclude>
    <ClInclude Include="PBullet.h">
      <Filter>System\Object\PBulllet</Filter>
    </ClInclude>
    <ClInclude Include="StageONE.h">
      <Filter>System\Scence\StageONE</Filter>
    </ClInclude>
    <ClInclude Include="UI.h">
      <Filter>System\UI</Filter>
    </ClInclude>
    <ClInclude Include="PHealthBar.h">
      <Filter>System\UI\PHealthBar</Filter>
    </ClInclude>
    <ClInclude Include="Button.h">
      <Filter>System\UI\Button</Filter>
    </ClInclude>
    <ClInclude Include="Particle.h">
      <Filter>System\Particle</Filter>
    </ClInclude>
    <ClInclude Include="PBulletBreak.h">
      <Filter>System\Particle\PBulletBreak</Filter>
    </ClInclude>
    <ClInclude Include="PAttack.h">
      <Filter>System\Particle\PAttack</Filter>
    </ClInclude>
    <ClInclude Include="PBoost.h">
      <Filter>System\Object\Player\PBoost</Filter>
    </ClInclude>
    <ClInclude Include="Title.h">
      <Filter>System\Scence\Title</Filter>
    </ClInclude>
    <ClInclude Include="Banner.h">
      <Filter>System</Filter>
    </ClInclude>
    <ClInclude Include="EBullet.h">
      <Filter>System\Object\Enemy\EBullet</Filter>
    </ClInclude>
    <ClInclude Include="Skill.h">
      <Filter>System\Skill</Filter>
    </ClInclude>
    <ClInclude Include="CircleShout.h">
      <Filter>System\Skill\CircleShout</Filter>
    </ClInclude>
    <ClInclude Include="Blank.h">
      <Filter>System\Skill\Blank</Filter>
    </ClInclude>
    <ClInclude Include="SkillGauge.h">
      <Filter>System\UI\SkillGauge</Filter>
    </ClInclude>
    <ClInclude Include="SteamPack.h">
      <Filter>System\Skill\SteamPack</Filter>
    </ClInclude>
  </ItemGroup>
  <ItemGroup>
    <CLInclude Include="resource.h">
      <Filter>Resource Files</Filter>
    </CLInclude>
    <ResourceCompile Include="SmileGateProject.rc">
      <Filter>Resource Files</Filter>
    </ResourceCompile>
  </ItemGroup>
  <ItemGroup>
  </ItemGroup>
</Project>